{
  "name": "workspace-from-scratch",
  "version": "0.0.1",
  "lockfileVersion": 1,
  "requires": true,
  "dependencies": {
    "learn-ololo-mod": {
      "version": "1.0.0",
      "resolved": "https://registry.npmjs.org/learn-ololo-mod/-/learn-ololo-mod-1.0.0.tgz",
      "integrity": "sha512-3MjW3fCPJDH/kGxW8ysbRqDkWHwCm5ZSCWWxtHZMpxj5OPnRJlfVRxUY4YTzInTm2duf8Di6kZe26xPLMu4FmA=="
    }
  }
}
